
Microsoft Visual Studio Solution File, Format Version 12.00
# Visual Studio Version 17
VisualStudioVersion = 17.9.34616.47
MinimumVisualStudioVersion = 10.0.40219.1
Project("{FAE04EC0-301F-11D3-BF4B-00C04F79EFBC}") = "Plottar_API", "Plottar_API\Plottar_API.csproj", "{6DC5ECF9-AA75-4DEB-854F-1FA36B39293D}"
EndProject
Global
	GlobalSection(SolutionConfigurationPlatforms) = preSolution
		Debug|Any CPU = Debug|Any CPU
		Release|Any CPU = Release|Any CPU
	EndGlobalSection
	GlobalSection(ProjectConfigurationPlatforms) = postSolution
		{6DC5ECF9-AA75-4DEB-854F-1FA36B39293D}.Debug|Any CPU.ActiveCfg = Debug|Any CPU
		{6DC5ECF9-AA75-4DEB-854F-1FA36B39293D}.Debug|Any CPU.Build.0 = Debug|Any CPU
		{6DC5ECF9-AA75-4DEB-854F-1FA36B39293D}.Release|Any CPU.ActiveCfg = Release|Any CPU
		{6DC5ECF9-AA75-4DEB-854F-1FA36B39293D}.Release|Any CPU.Build.0 = Release|Any CPU
	EndGlobalSection
	GlobalSection(SolutionProperties) = preSolution
		HideSolutionNode = FALSE
	EndGlobalSection
	GlobalSection(ExtensibilityGlobals) = postSolution
		SolutionGuid = {3863B10E-C708-4614-872C-B6CDF70A9F1A}
	EndGlobalSection
EndGlobal
