
Microsoft Visual Studio Solution File, Format Version 12.00
# Visual Studio Version 17
VisualStudioVersion = 17.0.31903.59
MinimumVisualStudioVersion = 10.0.40219.1
Project("{2150E333-8FDC-42A3-9474-1A3956D46DE8}") = "src", "src", "{1D334C77-28A4-42C7-8D74-68548C0157B6}"
EndProject
Project("{FAE04EC0-301F-11D3-BF4B-00C04F79EFBC}") = "WebApi", "src\WebApi\WebApi.csproj", "{B4CD6B14-695B-4D6C-930C-5F7E36BD4171}"
EndProject
Project("{FAE04EC0-301F-11D3-BF4B-00C04F79EFBC}") = "Infrastructure", "src\Infrastructure\Infrastructure.csproj", "{18FE2B92-C9F5-4905-BC4C-D30C60606248}"
EndProject
Project("{FAE04EC0-301F-11D3-BF4B-00C04F79EFBC}") = "Application", "src\Application\Application.csproj", "{656FEFFE-5E20-45B9-8BB3-87FE7FD72DFC}"
EndProject
Project("{FAE04EC0-301F-11D3-BF4B-00C04F79EFBC}") = "Domain", "src\Domain\Domain.csproj", "{9D33D893-3D52-46F1-917A-96A845EA2E14}"
EndProject
Project("{FAE04EC0-301F-11D3-BF4B-00C04F79EFBC}") = "Presentation", "src\Presentation\Presentation.csproj", "{F50F8581-9144-42C7-B796-A9A984B94AE8}"
EndProject
Global
	GlobalSection(SolutionConfigurationPlatforms) = preSolution
		Debug|Any CPU = Debug|Any CPU
		Release|Any CPU = Release|Any CPU
	EndGlobalSection
	GlobalSection(SolutionProperties) = preSolution
		HideSolutionNode = FALSE
	EndGlobalSection
	GlobalSection(ProjectConfigurationPlatforms) = postSolution
		{B4CD6B14-695B-4D6C-930C-5F7E36BD4171}.Debug|Any CPU.ActiveCfg = Debug|Any CPU
		{B4CD6B14-695B-4D6C-930C-5F7E36BD4171}.Debug|Any CPU.Build.0 = Debug|Any CPU
		{B4CD6B14-695B-4D6C-930C-5F7E36BD4171}.Release|Any CPU.ActiveCfg = Release|Any CPU
		{B4CD6B14-695B-4D6C-930C-5F7E36BD4171}.Release|Any CPU.Build.0 = Release|Any CPU
		{18FE2B92-C9F5-4905-BC4C-D30C60606248}.Debug|Any CPU.ActiveCfg = Debug|Any CPU
		{18FE2B92-C9F5-4905-BC4C-D30C60606248}.Debug|Any CPU.Build.0 = Debug|Any CPU
		{18FE2B92-C9F5-4905-BC4C-D30C60606248}.Release|Any CPU.ActiveCfg = Release|Any CPU
		{18FE2B92-C9F5-4905-BC4C-D30C60606248}.Release|Any CPU.Build.0 = Release|Any CPU
		{656FEFFE-5E20-45B9-8BB3-87FE7FD72DFC}.Debug|Any CPU.ActiveCfg = Debug|Any CPU
		{656FEFFE-5E20-45B9-8BB3-87FE7FD72DFC}.Debug|Any CPU.Build.0 = Debug|Any CPU
		{656FEFFE-5E20-45B9-8BB3-87FE7FD72DFC}.Release|Any CPU.ActiveCfg = Release|Any CPU
		{656FEFFE-5E20-45B9-8BB3-87FE7FD72DFC}.Release|Any CPU.Build.0 = Release|Any CPU
		{9D33D893-3D52-46F1-917A-96A845EA2E14}.Debug|Any CPU.ActiveCfg = Debug|Any CPU
		{9D33D893-3D52-46F1-917A-96A845EA2E14}.Debug|Any CPU.Build.0 = Debug|Any CPU
		{9D33D893-3D52-46F1-917A-96A845EA2E14}.Release|Any CPU.ActiveCfg = Release|Any CPU
		{9D33D893-3D52-46F1-917A-96A845EA2E14}.Release|Any CPU.Build.0 = Release|Any CPU
		{F50F8581-9144-42C7-B796-A9A984B94AE8}.Debug|Any CPU.ActiveCfg = Debug|Any CPU
		{F50F8581-9144-42C7-B796-A9A984B94AE8}.Debug|Any CPU.Build.0 = Debug|Any CPU
		{F50F8581-9144-42C7-B796-A9A984B94AE8}.Release|Any CPU.ActiveCfg = Release|Any CPU
		{F50F8581-9144-42C7-B796-A9A984B94AE8}.Release|Any CPU.Build.0 = Release|Any CPU
	EndGlobalSection
	GlobalSection(NestedProjects) = preSolution
		{B4CD6B14-695B-4D6C-930C-5F7E36BD4171} = {1D334C77-28A4-42C7-8D74-68548C0157B6}
		{18FE2B92-C9F5-4905-BC4C-D30C60606248} = {1D334C77-28A4-42C7-8D74-68548C0157B6}
		{656FEFFE-5E20-45B9-8BB3-87FE7FD72DFC} = {1D334C77-28A4-42C7-8D74-68548C0157B6}
		{9D33D893-3D52-46F1-917A-96A845EA2E14} = {1D334C77-28A4-42C7-8D74-68548C0157B6}
		{F50F8581-9144-42C7-B796-A9A984B94AE8} = {1D334C77-28A4-42C7-8D74-68548C0157B6}
	EndGlobalSection
EndGlobal
